
Microsoft Visual Studio Solution File, Format Version 12.00
# Visual Studio Version 17
VisualStudioVersion = 17.13.35825.156 d17.13
MinimumVisualStudioVersion = 10.0.40219.1
Project("{FAE04EC0-301F-11D3-BF4B-00C04F79EFBC}") = "PascalCompiler", "PascalCompiler\PascalCompiler.csproj", "{D27866D1-31D0-46BE-98D7-36F22B143334}"
EndProject
Global
	GlobalSection(SolutionConfigurationPlatforms) = preSolution
		Debug|Any CPU = Debug|Any CPU
		Release|Any CPU = Release|Any CPU
	EndGlobalSection
	GlobalSection(ProjectConfigurationPlatforms) = postSolution
		{D27866D1-31D0-46BE-98D7-36F22B143334}.Debug|Any CPU.ActiveCfg = Debug|Any CPU
		{D27866D1-31D0-46BE-98D7-36F22B143334}.Debug|Any CPU.Build.0 = Debug|Any CPU
		{D27866D1-31D0-46BE-98D7-36F22B143334}.Release|Any CPU.ActiveCfg = Release|Any CPU
		{D27866D1-31D0-46BE-98D7-36F22B143334}.Release|Any CPU.Build.0 = Release|Any CPU
	EndGlobalSection
	GlobalSection(SolutionProperties) = preSolution
		HideSolutionNode = FALSE
	EndGlobalSection
	GlobalSection(ExtensibilityGlobals) = postSolution
		SolutionGuid = {CB7F5D78-A64C-4A3F-B6E5-244F2BC7B2FC}
	EndGlobalSection
EndGlobal
